# @generated - this file is auto-generated by `mise lock` https://mise.en.dev/dev-tools/mise-lock.html

[[tools."github:oven-sh/bun"]]
version = "canary"
backend = "github:oven-sh/bun"

[tools."github:oven-sh/bun"."platforms.linux-arm64"]
checksum = "sha256:f0c5ad348a9d654f05a30dd03a68b79744d7bd0e481dde27b1828c33d0856884"
url = "https://github.com/oven-sh/bun/releases/download/canary/bun-linux-aarch64.zip"
url_api = "https://api.github.com/repos/oven-sh/bun/releases/assets/477636681"

[tools."github:oven-sh/bun"."platforms.linux-arm64-musl"]
checksum = "sha256:755a459a75f23053e916636aeed8e3e98117766e769c6062e1ed2635ed1402fe"
url = "https://github.com/oven-sh/bun/releases/download/canary/bun-linux-aarch64-musl.zip"
url_api = "https://api.github.com/repos/oven-sh/bun/releases/assets/477637144"

[tools."github:oven-sh/bun"."platforms.linux-x64"]
checksum = "sha256:4c1773e1bedbb1662eb01f155109797c87d1712c1f69a404c34ae606e1e91462"
url = "https://github.com/oven-sh/bun/releases/download/canary/bun-linux-x64.zip"
url_api = "https://api.github.com/repos/oven-sh/bun/releases/assets/477636856"

[tools."github:oven-sh/bun"."platforms.linux-x64-musl"]
checksum = "sha256:463975f0e23cd0a260abe04b8dd2a1baa018fda2096efb9a942da13a6e2f5288"
url = "https://github.com/oven-sh/bun/releases/download/canary/bun-linux-x64-musl.zip"
url_api = "https://api.github.com/repos/oven-sh/bun/releases/assets/477637280"

[tools."github:oven-sh/bun"."platforms.macos-arm64"]
checksum = "sha256:74250d5f43bb05590a96726cf7f5cd70a15273e0a2798ed2f8ebb069d3a66fb4"
url = "https://github.com/oven-sh/bun/releases/download/canary/bun-darwin-aarch64.zip"
url_api = "https://api.github.com/repos/oven-sh/bun/releases/assets/477636160"

[tools."github:oven-sh/bun"."platforms.macos-x64"]
checksum = "sha256:d09ab00b3973a9b741f47a14c46d23e3ad0d19f73de33390343236b8b701e5d5"
url = "https://github.com/oven-sh/bun/releases/download/canary/bun-darwin-x64.zip"
url_api = "https://api.github.com/repos/oven-sh/bun/releases/assets/477636411"

[tools."github:oven-sh/bun"."platforms.windows-x64"]
checksum = "sha256:5d6eef4f8b9270ae5c819c7802d6fba57df9d56007582b1201767b86ab98f1ee"
url = "https://github.com/oven-sh/bun/releases/download/canary/bun-windows-x64.zip"
url_api = "https://api.github.com/repos/oven-sh/bun/releases/assets/477638340"

[[tools.node]]
version = "24.16.0"
backend = "core:node"

[tools.node."platforms.linux-arm64"]
checksum = "sha256:589f5b6dd4fcfee4dfda73013903c966abaa8abd93dbc9d436544e472b4f0e74"
url = "https://nodejs.org/dist/v24.16.0/node-v24.16.0-linux-arm64.tar.gz"

[tools.node."platforms.linux-x64"]
checksum = "sha256:2faf6a387e9b62b888e21c54f01249fb27537ffecf1842f29f4c919d0a59a0ff"
url = "https://nodejs.org/dist/v24.16.0/node-v24.16.0-linux-x64.tar.gz"

[tools.node."platforms.macos-arm64"]
checksum = "sha256:39189dab4eeb15706c424af0ac08a3044c9e48f7db12a7d77f6b7aafc7dd5df6"
url = "https://nodejs.org/dist/v24.16.0/node-v24.16.0-darwin-arm64.tar.gz"
