# @generated - this file is auto-generated by `mise lock` https://mise.en.dev/dev-tools/mise-lock.html

[[tools.fd]]
version = "10.4.2"
backend = "aqua:sharkdp/fd"

[tools.fd."platforms.linux-arm64"]
checksum = "sha256:f32d3657473fba74e2600babc8db0b93420d51169223b7e8143b2ed55d8fd9e8"
url = "https://github.com/sharkdp/fd/releases/download/v10.4.2/fd-v10.4.2-aarch64-unknown-linux-musl.tar.gz"

[tools.fd."platforms.linux-arm64-musl"]
checksum = "sha256:f32d3657473fba74e2600babc8db0b93420d51169223b7e8143b2ed55d8fd9e8"
url = "https://github.com/sharkdp/fd/releases/download/v10.4.2/fd-v10.4.2-aarch64-unknown-linux-musl.tar.gz"

[tools.fd."platforms.linux-x64"]
checksum = "sha256:e3257d48e29a6be965187dbd24ce9af564e0fe67b3e73c9bdcd180f4ec11bdde"
url = "https://github.com/sharkdp/fd/releases/download/v10.4.2/fd-v10.4.2-x86_64-unknown-linux-musl.tar.gz"

[tools.fd."platforms.linux-x64-musl"]
checksum = "sha256:e3257d48e29a6be965187dbd24ce9af564e0fe67b3e73c9bdcd180f4ec11bdde"
url = "https://github.com/sharkdp/fd/releases/download/v10.4.2/fd-v10.4.2-x86_64-unknown-linux-musl.tar.gz"

[tools.fd."platforms.macos-arm64"]
checksum = "sha256:623dc0afc81b92e4d4606b380d7bc91916ba7b97814263e554d50923a39e480a"
url = "https://github.com/sharkdp/fd/releases/download/v10.4.2/fd-v10.4.2-aarch64-apple-darwin.tar.gz"

[tools.fd."platforms.windows-x64"]
checksum = "sha256:b2816e506390a89941c63c9187d58a3cc10e9a55f2ef0685f9ea0eccaf7c98c8"
url = "https://github.com/sharkdp/fd/releases/download/v10.4.2/fd-v10.4.2-x86_64-pc-windows-msvc.zip"

[[tools.gh]]
version = "2.97.0"
backend = "aqua:cli/cli"

[tools.gh."platforms.linux-arm64"]
checksum = "sha256:73ea440ecad9c9e284429997ee6f93577bc6f7bc6fba357ef62c53ad8fb641a5"
url = "https://github.com/cli/cli/releases/download/v2.97.0/gh_2.97.0_linux_arm64.tar.gz"
url_api = "https://api.github.com/repos/cli/cli/releases/assets/496108278"
provenance = "github-attestations"

[tools.gh."platforms.linux-arm64-musl"]
checksum = "sha256:73ea440ecad9c9e284429997ee6f93577bc6f7bc6fba357ef62c53ad8fb641a5"
url = "https://github.com/cli/cli/releases/download/v2.97.0/gh_2.97.0_linux_arm64.tar.gz"
url_api = "https://api.github.com/repos/cli/cli/releases/assets/496108278"
provenance = "github-attestations"

[tools.gh."platforms.linux-x64"]
checksum = "sha256:a2c9b8497e1f85b1ad0dfcb78b5a622e098801b8e461e459e88e1ee12f018112"
url = "https://github.com/cli/cli/releases/download/v2.97.0/gh_2.97.0_linux_amd64.tar.gz"
url_api = "https://api.github.com/repos/cli/cli/releases/assets/496108269"
provenance = "github-attestations"

[tools.gh."platforms.linux-x64-musl"]
checksum = "sha256:a2c9b8497e1f85b1ad0dfcb78b5a622e098801b8e461e459e88e1ee12f018112"
url = "https://github.com/cli/cli/releases/download/v2.97.0/gh_2.97.0_linux_amd64.tar.gz"
url_api = "https://api.github.com/repos/cli/cli/releases/assets/496108269"
provenance = "github-attestations"

[tools.gh."platforms.macos-arm64"]
checksum = "sha256:a58b8fd77b417a38f47a0b54d1370c59b0fcdb324ccc9ca002b0998f7c4c999e"
url = "https://github.com/cli/cli/releases/download/v2.97.0/gh_2.97.0_macOS_arm64.zip"
url_api = "https://api.github.com/repos/cli/cli/releases/assets/496108298"
provenance = "github-attestations"

[tools.gh."platforms.macos-x64"]
checksum = "sha256:63298c998cc2a924c9e254c6af6a1caad6ece281122687a91f079bc0a462700e"
url = "https://github.com/cli/cli/releases/download/v2.97.0/gh_2.97.0_macOS_amd64.zip"
url_api = "https://api.github.com/repos/cli/cli/releases/assets/496108300"
provenance = "github-attestations"

[tools.gh."platforms.windows-x64"]
checksum = "sha256:35d7fe05c4dd1411ffda1e73dfc7c6f44b75c936ca51fa6595c657fdc0350cec"
url = "https://github.com/cli/cli/releases/download/v2.97.0/gh_2.97.0_windows_amd64.zip"
url_api = "https://api.github.com/repos/cli/cli/releases/assets/496108319"
provenance = "github-attestations"

[[tools."github:akua-dev/cli"]]
version = "0.9.0"
backend = "github:akua-dev/cli"

[tools."github:akua-dev/cli"."platforms.linux-arm64"]
checksum = "sha256:524b421df58e841e9dba03fec2604542fe430af99a13d12c5251dceefba603d7"
url = "https://github.com/akua-dev/cli/releases/download/v0.9.0/akua-v0.9.0-linux-arm64.tar.gz"
url_api = "https://api.github.com/repos/akua-dev/cli/releases/assets/477182656"

[tools."github:akua-dev/cli"."platforms.linux-x64"]
checksum = "sha256:2e218fa0b41a42f6d4179396f8fec7a069ae57f8cb6650d323360ee2a92d0b93"
url = "https://github.com/akua-dev/cli/releases/download/v0.9.0/akua-v0.9.0-linux-x64.tar.gz"
url_api = "https://api.github.com/repos/akua-dev/cli/releases/assets/477182657"

[tools."github:akua-dev/cli"."platforms.macos-arm64"]
checksum = "sha256:693dd34907ae25624f76dfbf04118677e0a17eb7e929a399c3deaa6d86e338ee"
url = "https://github.com/akua-dev/cli/releases/download/v0.9.0/akua-v0.9.0-darwin-arm64.tar.gz"
url_api = "https://api.github.com/repos/akua-dev/cli/releases/assets/477182652"

[tools."github:akua-dev/cli"."platforms.macos-x64"]
checksum = "sha256:c53a7aa485faff8a67ff3bf7185a4273674440f484b3a9fda5da6d3778cf633a"
url = "https://github.com/akua-dev/cli/releases/download/v0.9.0/akua-v0.9.0-darwin-x64.tar.gz"
url_api = "https://api.github.com/repos/akua-dev/cli/releases/assets/477182655"

[tools."github:akua-dev/cli"."platforms.windows-x64"]
checksum = "sha256:70610d549f04800e5627a68210e31d90a4e1da8cfd35460ba8847fb486329026"
url = "https://github.com/akua-dev/cli/releases/download/v0.9.0/akua-v0.9.0-windows-x64.zip"
url_api = "https://api.github.com/repos/akua-dev/cli/releases/assets/477182653"

[[tools."github:derailed/k9s"]]
version = "0.51.0"
backend = "github:derailed/k9s"

[tools."github:derailed/k9s"."platforms.linux-arm64"]
checksum = "sha256:3ee05c82e5f9198928a4e86133608ba6a2c10a2244d6a7789e820f78319d640c"
url = "https://github.com/derailed/k9s/releases/download/v0.51.0/k9s_Linux_arm64.tar.gz"
url_api = "https://api.github.com/repos/derailed/k9s/releases/assets/440226045"

[tools."github:derailed/k9s"."platforms.linux-arm64-musl"]
checksum = "sha256:3ee05c82e5f9198928a4e86133608ba6a2c10a2244d6a7789e820f78319d640c"
url = "https://github.com/derailed/k9s/releases/download/v0.51.0/k9s_Linux_arm64.tar.gz"
url_api = "https://api.github.com/repos/derailed/k9s/releases/assets/440226045"

[tools."github:derailed/k9s"."platforms.linux-x64"]
checksum = "sha256:c3752ad51a5a4015a113819c4eeb6e55a4d0e4b8e652494797532f6fc8161dd7"
url = "https://github.com/derailed/k9s/releases/download/v0.51.0/k9s_Linux_amd64.tar.gz"
url_api = "https://api.github.com/repos/derailed/k9s/releases/assets/440224321"

[tools."github:derailed/k9s"."platforms.linux-x64-musl"]
checksum = "sha256:c3752ad51a5a4015a113819c4eeb6e55a4d0e4b8e652494797532f6fc8161dd7"
url = "https://github.com/derailed/k9s/releases/download/v0.51.0/k9s_Linux_amd64.tar.gz"
url_api = "https://api.github.com/repos/derailed/k9s/releases/assets/440224321"

[tools."github:derailed/k9s"."platforms.macos-arm64"]
checksum = "sha256:9b8c0e8f461e5d33aeee43a67f5ef4aff646a008a786887b8266cbb153c610cc"
url = "https://github.com/derailed/k9s/releases/download/v0.51.0/k9s_Darwin_arm64.tar.gz"
url_api = "https://api.github.com/repos/derailed/k9s/releases/assets/440224326"

[tools."github:derailed/k9s"."platforms.macos-x64"]
checksum = "sha256:7e8802c57c45a0cd389e8fc38472243fe4cf48d8ad5957e189ce370e19e5eda0"
url = "https://github.com/derailed/k9s/releases/download/v0.51.0/k9s_Darwin_amd64.tar.gz"
url_api = "https://api.github.com/repos/derailed/k9s/releases/assets/440224322"

[tools."github:derailed/k9s"."platforms.windows-x64"]
checksum = "sha256:bba299f1877913979831543a008f2e104995d2ea4ac8f23d7f49c0444857d973"
url = "https://github.com/derailed/k9s/releases/download/v0.51.0/k9s_Windows_amd64.zip"
url_api = "https://api.github.com/repos/derailed/k9s/releases/assets/440224317"

[[tools."github:kunchenguid/no-mistakes"]]
version = "1.45.4"
backend = "github:kunchenguid/no-mistakes"

[tools."github:kunchenguid/no-mistakes"."platforms.linux-arm64"]
checksum = "sha256:19ac62c4d1d7a402d7efe81424fa036b67616001d37d9b95afba9c60c0d3e453"
url = "https://github.com/kunchenguid/no-mistakes/releases/download/v1.45.4/no-mistakes-v1.45.4-linux-arm64.tar.gz"
url_api = "https://api.github.com/repos/kunchenguid/no-mistakes/releases/assets/501916782"

[tools."github:kunchenguid/no-mistakes"."platforms.linux-arm64-musl"]
checksum = "sha256:19ac62c4d1d7a402d7efe81424fa036b67616001d37d9b95afba9c60c0d3e453"
url = "https://github.com/kunchenguid/no-mistakes/releases/download/v1.45.4/no-mistakes-v1.45.4-linux-arm64.tar.gz"
url_api = "https://api.github.com/repos/kunchenguid/no-mistakes/releases/assets/501916782"

[tools."github:kunchenguid/no-mistakes"."platforms.linux-x64"]
checksum = "sha256:11ccf0bcaa575b06bd691644c669c573e2a62de6a1c1b98e9e52d34c2df2ad19"
url = "https://github.com/kunchenguid/no-mistakes/releases/download/v1.45.4/no-mistakes-v1.45.4-linux-amd64.tar.gz"
url_api = "https://api.github.com/repos/kunchenguid/no-mistakes/releases/assets/501916619"

[tools."github:kunchenguid/no-mistakes"."platforms.linux-x64-musl"]
checksum = "sha256:11ccf0bcaa575b06bd691644c669c573e2a62de6a1c1b98e9e52d34c2df2ad19"
url = "https://github.com/kunchenguid/no-mistakes/releases/download/v1.45.4/no-mistakes-v1.45.4-linux-amd64.tar.gz"
url_api = "https://api.github.com/repos/kunchenguid/no-mistakes/releases/assets/501916619"

[tools."github:kunchenguid/no-mistakes"."platforms.macos-arm64"]
checksum = "sha256:7978b68c931207088d9ff7c6255685f60ae6b240ca15228f053d674ed94af8e5"
url = "https://github.com/kunchenguid/no-mistakes/releases/download/v1.45.4/no-mistakes-v1.45.4-darwin-arm64.tar.gz"
url_api = "https://api.github.com/repos/kunchenguid/no-mistakes/releases/assets/501916594"

[tools."github:kunchenguid/no-mistakes"."platforms.macos-x64"]
checksum = "sha256:2596aa20a2c3373b8bc28260e7fe3ad31a32e7c9c0b94dae0c79d805ac039936"
url = "https://github.com/kunchenguid/no-mistakes/releases/download/v1.45.4/no-mistakes-v1.45.4-darwin-amd64.tar.gz"
url_api = "https://api.github.com/repos/kunchenguid/no-mistakes/releases/assets/501916881"

[tools."github:kunchenguid/no-mistakes"."platforms.windows-x64"]
checksum = "sha256:f4f2d65df0ff774867fd78802fd3a192669f75b8d67f294ced21f2beb6b794c1"
url = "https://github.com/kunchenguid/no-mistakes/releases/download/v1.45.4/no-mistakes-v1.45.4-windows-amd64.zip"
url_api = "https://api.github.com/repos/kunchenguid/no-mistakes/releases/assets/501916489"

[[tools."github:kunchenguid/treehouse"]]
version = "2.1.1"
backend = "github:kunchenguid/treehouse"

[tools."github:kunchenguid/treehouse"."platforms.linux-arm64"]
checksum = "sha256:980367c0233274eb3181a19a2ca8ec69d09b4a588ba27367937d336f9a2c938e"
url = "https://github.com/kunchenguid/treehouse/releases/download/v2.1.1/treehouse-v2.1.1-linux-arm64.tar.gz"
url_api = "https://api.github.com/repos/kunchenguid/treehouse/releases/assets/496281604"

[tools."github:kunchenguid/treehouse"."platforms.linux-arm64-musl"]
checksum = "sha256:980367c0233274eb3181a19a2ca8ec69d09b4a588ba27367937d336f9a2c938e"
url = "https://github.com/kunchenguid/treehouse/releases/download/v2.1.1/treehouse-v2.1.1-linux-arm64.tar.gz"
url_api = "https://api.github.com/repos/kunchenguid/treehouse/releases/assets/496281604"

[tools."github:kunchenguid/treehouse"."platforms.linux-x64"]
checksum = "sha256:2fe3e01220ae51a967c3e5ba6ccf10ec83bdbae8e420368d194285a8d04c9ef8"
url = "https://github.com/kunchenguid/treehouse/releases/download/v2.1.1/treehouse-v2.1.1-linux-amd64.tar.gz"
url_api = "https://api.github.com/repos/kunchenguid/treehouse/releases/assets/496281328"

[tools."github:kunchenguid/treehouse"."platforms.linux-x64-musl"]
checksum = "sha256:2fe3e01220ae51a967c3e5ba6ccf10ec83bdbae8e420368d194285a8d04c9ef8"
url = "https://github.com/kunchenguid/treehouse/releases/download/v2.1.1/treehouse-v2.1.1-linux-amd64.tar.gz"
url_api = "https://api.github.com/repos/kunchenguid/treehouse/releases/assets/496281328"

[tools."github:kunchenguid/treehouse"."platforms.macos-arm64"]
checksum = "sha256:deabeb7153bad14659e98da78de5334afecaeaac7e05988b106a4888646747d3"
url = "https://github.com/kunchenguid/treehouse/releases/download/v2.1.1/treehouse-v2.1.1-darwin-arm64.tar.gz"
url_api = "https://api.github.com/repos/kunchenguid/treehouse/releases/assets/496281623"

[tools."github:kunchenguid/treehouse"."platforms.macos-x64"]
checksum = "sha256:f6f6bd71fe8279826aa35f201e79f34106c1c4056179e3e8141942027dd992a6"
url = "https://github.com/kunchenguid/treehouse/releases/download/v2.1.1/treehouse-v2.1.1-darwin-amd64.tar.gz"
url_api = "https://api.github.com/repos/kunchenguid/treehouse/releases/assets/496281531"

[tools."github:kunchenguid/treehouse"."platforms.windows-x64"]
checksum = "sha256:d9e085d57dde7a74a86dde3d26925e2e2aeb68586485e4720a3d3ad4e4825761"
url = "https://github.com/kunchenguid/treehouse/releases/download/v2.1.1/treehouse-v2.1.1-windows-amd64.zip"
url_api = "https://api.github.com/repos/kunchenguid/treehouse/releases/assets/496281605"

[[tools."github:ogulcancelik/herdr"]]
version = "0.8.0"
backend = "github:ogulcancelik/herdr"

[tools."github:ogulcancelik/herdr"."platforms.linux-arm64"]
checksum = "sha256:f647ac66468d9efbc642fe534fb284468f0aea60641606fc008dfc0d82a3ca87"
url = "https://github.com/herdrdev/herdr/releases/download/v0.8.0/herdr-linux-aarch64"
url_api = "https://api.github.com/repos/herdrdev/herdr/releases/assets/500422627"

[tools."github:ogulcancelik/herdr"."platforms.linux-arm64-musl"]
checksum = "sha256:f647ac66468d9efbc642fe534fb284468f0aea60641606fc008dfc0d82a3ca87"
url = "https://github.com/herdrdev/herdr/releases/download/v0.8.0/herdr-linux-aarch64"
url_api = "https://api.github.com/repos/herdrdev/herdr/releases/assets/500422627"

[tools."github:ogulcancelik/herdr"."platforms.linux-x64"]
checksum = "sha256:b872ea7e40fa2cb17e857ac9b62b1bf26db7b403c622f5d2f3f5b35f6e9acd28"
url = "https://github.com/herdrdev/herdr/releases/download/v0.8.0/herdr-linux-x86_64"
url_api = "https://api.github.com/repos/herdrdev/herdr/releases/assets/500422625"

[tools."github:ogulcancelik/herdr"."platforms.linux-x64-musl"]
checksum = "sha256:b872ea7e40fa2cb17e857ac9b62b1bf26db7b403c622f5d2f3f5b35f6e9acd28"
url = "https://github.com/herdrdev/herdr/releases/download/v0.8.0/herdr-linux-x86_64"
url_api = "https://api.github.com/repos/herdrdev/herdr/releases/assets/500422625"

[tools."github:ogulcancelik/herdr"."platforms.macos-arm64"]
checksum = "sha256:d53a9f93fccfdfcc55632927bf51002f5add0aa7990bcdf508ffbd84ac658178"
url = "https://github.com/herdrdev/herdr/releases/download/v0.8.0/herdr-macos-aarch64"
url_api = "https://api.github.com/repos/herdrdev/herdr/releases/assets/500422629"

[tools."github:ogulcancelik/herdr"."platforms.macos-x64"]
checksum = "sha256:77cb5afd6c8fcaaaf3bc28e474ec01c209331ad08094e20d7f8aa9b0bb78d649"
url = "https://github.com/herdrdev/herdr/releases/download/v0.8.0/herdr-macos-x86_64"
url_api = "https://api.github.com/repos/herdrdev/herdr/releases/assets/500422626"

[[tools."http:bun"]]
version = "1.4.0-canary.1+3979cbe80"
backend = "http:bun"

[tools."http:bun"."platforms.linux-arm64"]
checksum = "sha256:0f88fd65a714adff0a4bd2e50d6222c572b5fba3a76d2f15ad8c48bd66410d99"
url = "https://github.com/akua-dev/agentos/releases/download/bun-toolchain-1.4.0-canary.1-3979cbe80-r2/bun-linux-aarch64.zip"

[tools."http:bun"."platforms.linux-arm64-musl"]
checksum = "sha256:6f1bf57bee81b59bc6f46adb7f2b03780d75ef889ca9b1646af68aee394a235f"
url = "https://github.com/akua-dev/agentos/releases/download/bun-toolchain-1.4.0-canary.1-3979cbe80-r2/bun-linux-aarch64-musl.zip"

[tools."http:bun"."platforms.linux-x64"]
checksum = "sha256:ed9bc2978aeaa60287f3a873369d0714a14da187ad282cbca6517c876db231d9"
url = "https://github.com/akua-dev/agentos/releases/download/bun-toolchain-1.4.0-canary.1-3979cbe80-r2/bun-linux-x64.zip"

[tools."http:bun"."platforms.linux-x64-musl"]
checksum = "sha256:953f4542e30b4acbee23f1d4527962713b00094b467ac715bc4ead4f9499ccbd"
url = "https://github.com/akua-dev/agentos/releases/download/bun-toolchain-1.4.0-canary.1-3979cbe80-r2/bun-linux-x64-musl.zip"

[tools."http:bun"."platforms.macos-arm64"]
checksum = "sha256:16490dd21c5e72f11d6eb5e550d44c386f18ac60f6761cd9362ccccc46322727"
url = "https://github.com/akua-dev/agentos/releases/download/bun-toolchain-1.4.0-canary.1-3979cbe80-r2/bun-darwin-aarch64.zip"

[tools."http:bun"."platforms.macos-x64"]
checksum = "sha256:2ada1688e3a2c0a9d1c4983843af4d0e299bfd9873b98c9a3a3912d7db03601d"
url = "https://github.com/akua-dev/agentos/releases/download/bun-toolchain-1.4.0-canary.1-3979cbe80-r2/bun-darwin-x64.zip"

[tools."http:bun"."platforms.windows-x64"]
checksum = "sha256:04d5a5bfc646369fa2582748df29b2189cc16d96bfa80b215a1f715295d19e94"
url = "https://github.com/akua-dev/agentos/releases/download/bun-toolchain-1.4.0-canary.1-3979cbe80-r2/bun-windows-x64.zip"

[[tools.jq]]
version = "1.8.2"
backend = "aqua:jqlang/jq"

[tools.jq."platforms.linux-arm64"]
checksum = "sha256:8b85c817833814ddca00a144c33705546355afccf0cf39b188f3cdb48b852309"
url = "https://github.com/jqlang/jq/releases/download/jq-1.8.2/jq-linux-arm64"
provenance = "github-attestations"

[tools.jq."platforms.linux-arm64-musl"]
checksum = "sha256:8b85c817833814ddca00a144c33705546355afccf0cf39b188f3cdb48b852309"
url = "https://github.com/jqlang/jq/releases/download/jq-1.8.2/jq-linux-arm64"
provenance = "github-attestations"

[tools.jq."platforms.linux-x64"]
checksum = "sha256:b1c22172dd303f3be49e935aa56aa48a8b7a46e0bc838b4997d3bb451495870f"
url = "https://github.com/jqlang/jq/releases/download/jq-1.8.2/jq-linux-amd64"
provenance = "github-attestations"

[tools.jq."platforms.linux-x64-musl"]
checksum = "sha256:b1c22172dd303f3be49e935aa56aa48a8b7a46e0bc838b4997d3bb451495870f"
url = "https://github.com/jqlang/jq/releases/download/jq-1.8.2/jq-linux-amd64"
provenance = "github-attestations"

[tools.jq."platforms.macos-arm64"]
checksum = "sha256:2d75340ba57a4b4b4c8708a21c2dc8e958a48aaa8bba13b27f77f6e4c0eca07e"
url = "https://github.com/jqlang/jq/releases/download/jq-1.8.2/jq-macos-arm64"
provenance = "github-attestations"

[tools.jq."platforms.macos-x64"]
checksum = "sha256:e94b266e3c26690550006abe63152b782280f4e14374accdf04cbde844f00bc0"
url = "https://github.com/jqlang/jq/releases/download/jq-1.8.2/jq-macos-amd64"
provenance = "github-attestations"

[tools.jq."platforms.windows-x64"]
checksum = "sha256:a6fc67fedaf9128a3309a1e2ebb8b986aeccf70122ee46d2cb4849e423f0c627"
url = "https://github.com/jqlang/jq/releases/download/jq-1.8.2/jq-windows-amd64.exe"
provenance = "github-attestations"

[[tools.kubectl]]
version = "1.36.3"
backend = "aqua:kubernetes/kubernetes/kubectl"

[tools.kubectl."platforms.linux-arm64"]
checksum = "sha256:3d86f24401c41ae5a46ac50eef8865fe891d3647d324a0836f6c63757a126e62"
url = "https://dl.k8s.io/v1.36.3/bin/linux/arm64/kubectl"

[tools.kubectl."platforms.linux-arm64-musl"]
checksum = "sha256:3d86f24401c41ae5a46ac50eef8865fe891d3647d324a0836f6c63757a126e62"
url = "https://dl.k8s.io/v1.36.3/bin/linux/arm64/kubectl"

[tools.kubectl."platforms.linux-x64"]
checksum = "sha256:ebbd080e7c2e275093b55915722043257eb24004363e20acb3c4d71919f88336"
url = "https://dl.k8s.io/v1.36.3/bin/linux/amd64/kubectl"

[tools.kubectl."platforms.linux-x64-musl"]
checksum = "sha256:ebbd080e7c2e275093b55915722043257eb24004363e20acb3c4d71919f88336"
url = "https://dl.k8s.io/v1.36.3/bin/linux/amd64/kubectl"

[tools.kubectl."platforms.macos-arm64"]
checksum = "sha256:fc8582acde13869a606730a79379d6515f30c68afcced0b5ac8789d5d002b7d6"
url = "https://dl.k8s.io/v1.36.3/bin/darwin/arm64/kubectl"

[tools.kubectl."platforms.macos-x64"]
checksum = "sha256:158b3b46cf74e8b6bd9b1d7cd30f665e3efb2bc1ec3c843ec925bcfdd2930de0"
url = "https://dl.k8s.io/v1.36.3/bin/darwin/amd64/kubectl"

[tools.kubectl."platforms.windows-x64"]
checksum = "sha256:ba76657b79d0ebcc3c029c171fc83c96351ba5ce0e71d185f1e5b8b873360a5f"
url = "https://dl.k8s.io/v1.36.3/bin/windows/amd64/kubectl.exe"

[[tools.node]]
version = "24.16.0"
backend = "core:node"

[tools.node."platforms.linux-arm64"]
checksum = "sha256:589f5b6dd4fcfee4dfda73013903c966abaa8abd93dbc9d436544e472b4f0e74"
url = "https://nodejs.org/dist/v24.16.0/node-v24.16.0-linux-arm64.tar.gz"

[tools.node."platforms.linux-arm64-musl"]
checksum = "sha256:85dde27aa73503b03dadfa0410a800067b4e3f702fb7fcaa3beaf284dfcc69e9"
url = "https://unofficial-builds.nodejs.org/download/release/v24.16.0/node-v24.16.0-linux-arm64-musl.tar.gz"

[tools.node."platforms.linux-x64"]
checksum = "sha256:2faf6a387e9b62b888e21c54f01249fb27537ffecf1842f29f4c919d0a59a0ff"
url = "https://nodejs.org/dist/v24.16.0/node-v24.16.0-linux-x64.tar.gz"

[tools.node."platforms.linux-x64-musl"]
checksum = "sha256:50df5d8d474892d4f7b906167df36f77f5b93908f63dc532dc568219cab65841"
url = "https://unofficial-builds.nodejs.org/download/release/v24.16.0/node-v24.16.0-linux-x64-musl.tar.gz"

[tools.node."platforms.macos-arm64"]
checksum = "sha256:39189dab4eeb15706c424af0ac08a3044c9e48f7db12a7d77f6b7aafc7dd5df6"
url = "https://nodejs.org/dist/v24.16.0/node-v24.16.0-darwin-arm64.tar.gz"

[tools.node."platforms.macos-x64"]
checksum = "sha256:298b4c7b3cb80765c8703e42b90324a4ece3b6634947b89e769c3c980ab55185"
url = "https://nodejs.org/dist/v24.16.0/node-v24.16.0-darwin-x64.tar.gz"

[tools.node."platforms.windows-x64"]
checksum = "sha256:edaca9bd58ec8e92037dac4e877d52f6b8f430b81c18b57e264b4e2fb111cd56"
url = "https://nodejs.org/dist/v24.16.0/node-v24.16.0-win-x64.zip"

[[tools."npm:@earendil-works/pi-coding-agent"]]
version = "0.84.1"
backend = "npm:@earendil-works/pi-coding-agent"

[[tools."npm:@openai/codex"]]
version = "0.147.0"
backend = "npm:@openai/codex"

[[tools."npm:chrome-devtools-axi"]]
version = "0.1.29"
backend = "npm:chrome-devtools-axi"

[[tools."npm:gh-axi"]]
version = "0.1.30"
backend = "npm:gh-axi"

[[tools."npm:lavish-axi"]]
version = "0.1.46"
backend = "npm:lavish-axi"

[[tools."npm:quota-axi"]]
version = "0.1.19"
backend = "npm:quota-axi"

[[tools.ripgrep]]
version = "15.2.0"
backend = "aqua:BurntSushi/ripgrep"

[tools.ripgrep."platforms.linux-arm64"]
checksum = "sha256:a740b91c82eaf9914cfedd353572f2791cbe0162c84101ee0951058f4dcbc90d"
url = "https://github.com/BurntSushi/ripgrep/releases/download/15.2.0/ripgrep-15.2.0-aarch64-unknown-linux-gnu.tar.gz"
url_api = "https://api.github.com/repos/BurntSushi/ripgrep/releases/assets/478119579"

[tools.ripgrep."platforms.linux-arm64-musl"]
checksum = "sha256:800b1e7206afe799dfb5a6901f23147cfaabe0e52210538100f61e86e1740915"
url = "https://github.com/BurntSushi/ripgrep/releases/download/15.2.0/ripgrep-15.2.0-aarch64-unknown-linux-musl.tar.gz"
url_api = "https://api.github.com/repos/BurntSushi/ripgrep/releases/assets/478120060"

[tools.ripgrep."platforms.linux-x64"]
checksum = "sha256:33e15bcf1624b25cdd2a55813a47a2f95dbe126268203e76aa6a585d1e7b149c"
url = "https://github.com/BurntSushi/ripgrep/releases/download/15.2.0/ripgrep-15.2.0-x86_64-unknown-linux-musl.tar.gz"
url_api = "https://api.github.com/repos/BurntSushi/ripgrep/releases/assets/478120097"

[tools.ripgrep."platforms.linux-x64-musl"]
checksum = "sha256:33e15bcf1624b25cdd2a55813a47a2f95dbe126268203e76aa6a585d1e7b149c"
url = "https://github.com/BurntSushi/ripgrep/releases/download/15.2.0/ripgrep-15.2.0-x86_64-unknown-linux-musl.tar.gz"
url_api = "https://api.github.com/repos/BurntSushi/ripgrep/releases/assets/478120097"

[tools.ripgrep."platforms.macos-arm64"]
checksum = "sha256:3750b2e93f37e0c692657da574d7019a101c0084da05a790c83fd335bad973e4"
url = "https://github.com/BurntSushi/ripgrep/releases/download/15.2.0/ripgrep-15.2.0-aarch64-apple-darwin.tar.gz"
url_api = "https://api.github.com/repos/BurntSushi/ripgrep/releases/assets/478118851"

[tools.ripgrep."platforms.macos-x64"]
checksum = "sha256:af7825fcc69a2afc7a7aea55fc9af90e26421d8f20fe59df32e233c0b8a231c1"
url = "https://github.com/BurntSushi/ripgrep/releases/download/15.2.0/ripgrep-15.2.0-x86_64-apple-darwin.tar.gz"
url_api = "https://api.github.com/repos/BurntSushi/ripgrep/releases/assets/478119585"

[tools.ripgrep."platforms.windows-x64"]
checksum = "sha256:71b2fef860abe467217a538ff31de02f5258807c0129f771846f87bd029aafc5"
url = "https://github.com/BurntSushi/ripgrep/releases/download/15.2.0/ripgrep-15.2.0-x86_64-pc-windows-msvc.zip"
url_api = "https://api.github.com/repos/BurntSushi/ripgrep/releases/assets/478119643"

[[tools.vcluster]]
version = "0.36.1"
backend = "aqua:loft-sh/vcluster"

[tools.vcluster."platforms.linux-arm64"]
checksum = "sha256:42c977a91b33a9f930107d32bd58d05416a2f09b681d70773ca49c0848dd2152"
url = "https://github.com/loft-sh/vcluster/releases/download/v0.36.1/vcluster-linux-arm64"
url_api = "https://api.github.com/repos/loft-sh/vcluster/releases/assets/500042986"

[tools.vcluster."platforms.linux-arm64-musl"]
checksum = "sha256:42c977a91b33a9f930107d32bd58d05416a2f09b681d70773ca49c0848dd2152"
url = "https://github.com/loft-sh/vcluster/releases/download/v0.36.1/vcluster-linux-arm64"
url_api = "https://api.github.com/repos/loft-sh/vcluster/releases/assets/500042986"

[tools.vcluster."platforms.linux-x64"]
checksum = "sha256:3bb32e0aa90ecbc4ae88d8a0db7728263a6c911a488f64c53dc07ef5abd2789e"
url = "https://github.com/loft-sh/vcluster/releases/download/v0.36.1/vcluster-linux-amd64"
url_api = "https://api.github.com/repos/loft-sh/vcluster/releases/assets/500042982"

[tools.vcluster."platforms.linux-x64-musl"]
checksum = "sha256:3bb32e0aa90ecbc4ae88d8a0db7728263a6c911a488f64c53dc07ef5abd2789e"
url = "https://github.com/loft-sh/vcluster/releases/download/v0.36.1/vcluster-linux-amd64"
url_api = "https://api.github.com/repos/loft-sh/vcluster/releases/assets/500042982"

[tools.vcluster."platforms.macos-arm64"]
checksum = "sha256:2ddc7979988b38beff3fa11f6f6d1b753e73bcdc276a8f0f9d83b5b4626f2e75"
url = "https://github.com/loft-sh/vcluster/releases/download/v0.36.1/vcluster-darwin-arm64"
url_api = "https://api.github.com/repos/loft-sh/vcluster/releases/assets/500042987"

[tools.vcluster."platforms.macos-x64"]
checksum = "sha256:9e7aad7b9e76665aceb73e9d8e99811e8e1ac3ef823250e19919fdec8193e705"
url = "https://github.com/loft-sh/vcluster/releases/download/v0.36.1/vcluster-darwin-amd64"
url_api = "https://api.github.com/repos/loft-sh/vcluster/releases/assets/500042988"

[tools.vcluster."platforms.windows-x64"]
checksum = "sha256:9d79c89657d72dcf77dcbd84dcd33379056a0bb4ece8e016773097b50bf4ebe2"
url = "https://github.com/loft-sh/vcluster/releases/download/v0.36.1/vcluster-windows-amd64.exe"
url_api = "https://api.github.com/repos/loft-sh/vcluster/releases/assets/500042984"
